{
  "originHash" : "3900b617fbe691d12445864a797e00071236d82a013346f2725b0b15ccd6c5e4",
  "pins" : [
    {
      "identity" : "fuzzymatch",
      "kind" : "remoteSourceControl",
      "location" : "https://github.com/ordo-one/FuzzyMatch.git",
      "state" : {
        "revision" : "ea09aa7faa3c1832716d1ccdb81dcb83bea89774",
        "version" : "1.4.0"
      }
    },
    {
      "identity" : "swift-argument-parser",
      "kind" : "remoteSourceControl",
      "location" : "https://github.com/apple/swift-argument-parser.git",
      "state" : {
        "revision" : "6a52f3251125d74daf04fcbd5e6f08a75d074382",
        "version" : "1.8.2"
      }
    }
  ],
  "version" : 3
}
